{
    "_readme": [
        "This file locks the dependencies of your project to a known state",
        "Read more about it at http://getcomposer.org/doc/01-basic-usage.md#composer-lock-the-lock-file"
    ],
    "hash": "fa883813141a7bea7456c490cf097c00",
    "packages": [
        {
            "name": "illuminate/support",
            "version": "dev-master",
            "target-dir": "Illuminate/Support",
            "source": {
                "type": "git",
                "url": "https://github.com/illuminate/support.git",
                "reference": "e09f68ae78aab398fd3c8e8f814df89b03c2a817"
            },
            "dist": {
                "type": "zip",
                "url": "https://api.github.com/repos/illuminate/support/zipball/e09f68ae78aab398fd3c8e8f814df89b03c2a817",
                "reference": "e09f68ae78aab398fd3c8e8f814df89b03c2a817",
                "shasum": ""
            },
            "require": {
                "php": ">=5.3.0"
            },
            "require-dev": {
                "mockery/mockery": "0.7.2",
                "patchwork/utf8": "1.1.*",
                "phpunit/phpunit": "3.7.*"
            },
            "type": "library",
            "extra": {
                "branch-alias": {
                    "dev-master": "4.0-dev"
                }
            },
            "autoload": {
                "psr-0": {
                    "Illuminate\\Support": ""
                },
                "files": [
                    "Illuminate/Support/helpers.php"
                ]
            },
            "notification-url": "https://packagist.org/downloads/",
            "authors": [
                {
                    "name": "Taylor Otwell",
                    "email": "taylorotwell@gmail.com"
                }
            ],
            "description": "Various utilities and support functions.",
            "time": "2013-05-19 03:05:01"
        },
        {
            "name": "nick4fake/htmlpurifier",
            "version": "dev-master",
            "source": {
                "type": "git",
                "url": "https://github.com/nick4fake/htmlpurifier.git",
                "reference": "a33ac67e68c7aa241a3d2aa27174ba88df48b1e8"
            },
            "dist": {
                "type": "zip",
                "url": "https://api.github.com/repos/nick4fake/htmlpurifier/zipball/a33ac67e68c7aa241a3d2aa27174ba88df48b1e8",
                "reference": "a33ac67e68c7aa241a3d2aa27174ba88df48b1e8",
                "shasum": ""
            },
            "require": {
                "php": ">=5.2.4"
            },
            "type": "library",
            "autoload": {
                "psr-0": {
                    "HTMLPurifier": "",
                    "HTMLPurifier_": "HTMLPurifier/"
                }
            },
            "notification-url": "https://packagist.org/downloads/",
            "license": [
                "LGPL-2.0"
            ],
            "description": "HTML Purifier is a standards-compliant HTML filter library written in PHP.",
            "homepage": "http://htmlpurifier.org/",
            "time": "2012-09-19 09:37:36"
        },
        {
            "name": "regulus/tetra-text",
            "version": "dev-master",
            "source": {
                "type": "git",
                "url": "https://github.com/Regulus343/TetraText.git",
                "reference": "1210e42f4ba6c0a7cb2a59eec7210ef2d836946c"
            },
            "dist": {
                "type": "zip",
                "url": "https://api.github.com/repos/Regulus343/TetraText/zipball/1210e42f4ba6c0a7cb2a59eec7210ef2d836946c",
                "reference": "1210e42f4ba6c0a7cb2a59eec7210ef2d836946c",
                "shasum": ""
            },
            "require": {
                "illuminate/support": "4.0.x",
                "nick4fake/htmlpurifier": "dev-master",
                "php": ">=5.3.0"
            },
            "type": "library",
            "autoload": {
                "classmap": [
                    "src/migrations"
                ],
                "psr-0": {
                    "Regulus\\TetraText": "src/"
                }
            },
            "notification-url": "https://packagist.org/downloads/",
            "license": [
                "MIT"
            ],
            "authors": [
                {
                    "name": "Cody Jassman",
                    "email": "me@codyjassman.com"
                }
            ],
            "description": "A small text/string formatting composer package that formats phone numbers, numeric values, money values and more.",
            "time": "2013-05-19 17:58:01"
        }
    ],
    "packages-dev": [

    ],
    "aliases": [

    ],
    "minimum-stability": "dev",
    "stability-flags": {
        "regulus/tetra-text": 20
    },
    "platform": {
        "php": ">=5.3.0"
    },
    "platform-dev": [

    ]
}
